# This file was autogenerated by Stack.
# You should not edit this file by hand.
# For more information, please see the documentation at:
#   https://docs.haskellstack.org/en/stable/lock_files

packages:
- completed:
    hackage: HGL-3.2.3.2@sha256:35922953927a1d68845c6446ff69952c5303412cee3e3a2d95c1449132f90eef,2116
    pantry-tree:
      sha256: 746fa311ed17c9a300423cc8f54904a58fc5df99886d8fc2dacabf13c642125d
      size: 2189
  original:
    hackage: HGL-3.2.3.2
snapshots:
- completed:
    sha256: 8bcce0b4f5671ea04691477f5af759b497b8892f998768d6eb01c64c58d41d7c
    size: 649329
    url: https://raw.githubusercontent.com/commercialhaskell/stackage-snapshots/master/lts/20/7.yaml
  original: lts-20.7
